
Microsoft Visual Studio Solution File, Format Version 12.00
# Visual Studio Version 17
VisualStudioVersion = 17.5.002.0
MinimumVisualStudioVersion = 10.0.40219.1
Project("{9A19103F-16F7-4668-BE54-9A1E7A4F7556}") = "DesafioFundamentos", "DesafioFundamentos\DesafioFundamentos.csproj", "{45AA42FC-B481-4DB0-91DD-04B9C5032230}"
EndProject
Global
	GlobalSection(SolutionConfigurationPlatforms) = preSolution
		Debug|Any CPU = Debug|Any CPU
		Release|Any CPU = Release|Any CPU
	EndGlobalSection
	GlobalSection(ProjectConfigurationPlatforms) = postSolution
		{45AA42FC-B481-4DB0-91DD-04B9C5032230}.Debug|Any CPU.ActiveCfg = Debug|Any CPU
		{45AA42FC-B481-4DB0-91DD-04B9C5032230}.Debug|Any CPU.Build.0 = Debug|Any CPU
		{45AA42FC-B481-4DB0-91DD-04B9C5032230}.Release|Any CPU.ActiveCfg = Release|Any CPU
		{45AA42FC-B481-4DB0-91DD-04B9C5032230}.Release|Any CPU.Build.0 = Release|Any CPU
	EndGlobalSection
	GlobalSection(SolutionProperties) = preSolution
		HideSolutionNode = FALSE
	EndGlobalSection
	GlobalSection(ExtensibilityGlobals) = postSolution
		SolutionGuid = {B67A5DFB-026A-4403-84DE-5019B39A436F}
	EndGlobalSection
EndGlobal
